// !$*UTF8*$!
{
	archiveVersion = 1;
	classes = {
	};
	objectVersion = 46;
	objects = {

/* Begin PBXBuildFile section */
		3707FF711F064D8D0052A7C1 /* main.m in Sources */ = {isa = PBXBuildFile; fileRef = 3707FF701F064D8D0052A7C1 /* main.m */; };
		3707FF741F064D8D0052A7C1 /* AppDelegate.m in Sources */ = {isa = PBXBuildFile; fileRef = 3707FF731F064D8D0052A7C1 /* AppDelegate.m */; };
		3707FF771F064D8D0052A7C1 /* ViewController.m in Sources */ = {isa = PBXBuildFile; fileRef = 3707FF761F064D8D0052A7C1 /* ViewController.m */; };
		3707FF7A1F064D8D0052A7C1 /* Main.storyboard in Resources */ = {isa = PBXBuildFile; fileRef = 3707FF781F064D8D0052A7C1 /* Main.storyboard */; };
		3707FF7C1F064D8D0052A7C1 /* Assets.xcassets in Resources */ = {isa = PBXBuildFile; fileRef = 3707FF7B1F064D8D0052A7C1 /* Assets.xcassets */; };
		3707FF7F1F064D8D0052A7C1 /* LaunchScreen.storyboard in Resources */ = {isa = PBXBuildFile; fileRef = 3707FF7D1F064D8D0052A7C1 /* LaunchScreen.storyboard */; };
		3707FF8A1F064D8D0052A7C1 /* cooperateOCTests.m in Sources */ = {isa = PBXBuildFile; fileRef = 3707FF891F064D8D0052A7C1 /* cooperateOCTests.m */; };
		3707FF951F064D8D0052A7C1 /* cooperateOCUITests.m in Sources */ = {isa = PBXBuildFile; fileRef = 3707FF941F064D8D0052A7C1 /* cooperateOCUITests.m */; };
/* End PBXBuildFile section */

/* Begin PBXContainerItemProxy section */
		3707FF861F064D8D0052A7C1 /* PBXContainerItemProxy */ = {
			isa = PBXContainerItemProxy;
			containerPortal = 3707FF641F064D8D0052A7C1 /* Project object */;
			proxyType = 1;
			remoteGlobalIDString = 3707FF6B1F064D8D0052A7C1;
			remoteInfo = cooperateOC;
		};
		3707FF911F064D8D0052A7C1 /* PBXContainerItemProxy */ = {
			isa = PBXContainerItemProxy;
			containerPortal = 3707FF641F064D8D0052A7C1 /* Project object */;
			proxyType = 1;
			remoteGlobalIDString = 3707FF6B1F064D8D0052A7C1;
			remoteInfo = cooperateOC;
		};
/* End PBXContainerItemProxy section */

/* Begin PBXFileReference section */
		3707FF6C1F064D8D0052A7C1 /* cooperateOC.app */ = {isa = PBXFileReference; explicitFileType = wrapper.application; includeInIndex = 0; path = cooperateOC.app; sourceTree = BUILT_PRODUCTS_DIR; };
		3707FF701F064D8D0052A7C1 /* main.m */ = {isa = PBXFileReference; lastKnownFileType = sourcecode.c.objc; path = main.m; sourceTree = "<group>"; };
		3707FF721F064D8D0052A7C1 /* AppDelegate.h */ = {isa = PBXFileReference; lastKnownFileType = sourcecode.c.h; path = AppDelegate.h; sourceTree = "<group>"; };
		3707FF731F064D8D0052A7C1 /* AppDelegate.m */ = {isa = PBXFileReference; lastKnownFileType = sourcecode.c.objc; path = AppDelegate.m; sourceTree = "<group>"; };
		3707FF751F064D8D0052A7C1 /* ViewController.h */ = {isa = PBXFileReference; lastKnownFileType = sourcecode.c.h; path = ViewController.h; sourceTree = "<group>"; };
		3707FF761F064D8D0052A7C1 /* ViewController.m */ = {isa = PBXFileReference; lastKnownFileType = sourcecode.c.objc; path = ViewController.m; sourceTree = "<group>"; };
		3707FF791F064D8D0052A7C1 /* Base */ = {isa = PBXFileReference; lastKnownFileType = file.storyboard; name = Base; path = Base.lproj/Main.storyboard; sourceTree = "<group>"; };
		3707FF7B1F064D8D0052A7C1 /* Assets.xcassets */ = {isa = PBXFileReference; lastKnownFileType = folder.assetcatalog; path = Assets.xcassets; sourceTree = "<group>"; };
		3707FF7E1F064D8D0052A7C1 /* Base */ = {isa = PBXFileReference; lastKnownFileType = file.storyboard; name = Base; path = Base.lproj/LaunchScreen.storyboard; sourceTree = "<group>"; };
		3707FF801F064D8D0052A7C1 /* Info.plist */ = {isa = PBXFileReference; lastKnownFileType = text.plist.xml; path = Info.plist; sourceTree = "<group>"; };
		3707FF851F064D8D0052A7C1 /* cooperateOCTests.xctest */ = {isa = PBXFileReference; explicitFileType = wrapper.cfbundle; includeInIndex = 0; path = cooperateOCTests.xctest; sourceTree = BUILT_PRODUCTS_DIR; };
		3707FF891F064D8D0052A7C1 /* cooperateOCTests.m */ = {isa = PBXFileReference; lastKnownFileType = sourcecode.c.objc; path = cooperateOCTests.m; sourceTree = "<group>"; };
		3707FF8B1F064D8D0052A7C1 /* Info.plist */ = {isa = PBXFileReference; lastKnownFileType = text.plist.xml; path = Info.plist; sourceTree = "<group>"; };
		3707FF901F064D8D0052A7C1 /* cooperateOCUITests.xctest */ = {isa = PBXFileReference; explicitFileType = wrapper.cfbundle; includeInIndex = 0; path = cooperateOCUITests.xctest; sourceTree = BUILT_PRODUCTS_DIR; };
		3707FF941F064D8D0052A7C1 /* cooperateOCUITests.m */ = {isa = PBXFileReference; lastKnownFileType = sourcecode.c.objc; path = cooperateOCUITests.m; sourceTree = "<group>"; };
		3707FF961F064D8D0052A7C1 /* Info.plist */ = {isa = PBXFileReference; lastKnownFileType = text.plist.xml; path = Info.plist; sourceTree = "<group>"; };
/* End PBXFileReference section */

/* Begin PBXFrameworksBuildPhase section */
		3707FF691F064D8D0052A7C1 /* Frameworks */ = {
			isa = PBXFrameworksBuildPhase;
			buildActionMask = 2147483647;
			files = (
			);
			runOnlyForDeploymentPostprocessing = 0;
		};
		3707FF821F064D8D0052A7C1 /* Frameworks */ = {
			isa = PBXFrameworksBuildPhase;
			buildActionMask = 2147483647;
			files = (
			);
			runOnlyForDeploymentPostprocessing = 0;
		};
		3707FF8D1F064D8D0052A7C1 /* Frameworks */ = {
			isa = PBXFrameworksBuildPhase;
			buildActionMask = 2147483647;
			files = (
			);
			runOnlyForDeploymentPostprocessing = 0;
		};
/* End PBXFrameworksBuildPhase section */

/* Begin PBXGroup section */
		3707FF631F064D8D0052A7C1 = {
			isa = PBXGroup;
			children = (
				3707FF6E1F064D8D0052A7C1 /* cooperateOC */,
				3707FF881F064D8D0052A7C1 /* cooperateOCTests */,
				3707FF931F064D8D0052A7C1 /* cooperateOCUITests */,
				3707FF6D1F064D8D0052A7C1 /* Products */,
			);
			sourceTree = "<group>";
		};
		3707FF6D1F064D8D0052A7C1 /* Products */ = {
			isa = PBXGroup;
			children = (
				3707FF6C1F064D8D0052A7C1 /* cooperateOC.app */,
				3707FF851F064D8D0052A7C1 /* cooperateOCTests.xctest */,
				3707FF901F064D8D0052A7C1 /* cooperateOCUITests.xctest */,
			);
			name = Products;
			sourceTree = "<group>";
		};
		3707FF6E1F064D8D0052A7C1 /* cooperateOC */ = {
			isa = PBXGroup;
			children = (
				3707FF721F064D8D0052A7C1 /* AppDelegate.h */,
				3707FF731F064D8D0052A7C1 /* AppDelegate.m */,
				3707FF751F064D8D0052A7C1 /* ViewController.h */,
				3707FF761F064D8D0052A7C1 /* ViewController.m */,
				3707FF781F064D8D0052A7C1 /* Main.storyboard */,
				3707FF7B1F064D8D0052A7C1 /* Assets.xcassets */,
				3707FF7D1F064D8D0052A7C1 /* LaunchScreen.storyboard */,
				3707FF801F064D8D0052A7C1 /* Info.plist */,
				3707FF6F1F064D8D0052A7C1 /* Supporting Files */,
			);
			path = cooperateOC;
			sourceTree = "<group>";
		};
		3707FF6F1F064D8D0052A7C1 /* Supporting Files */ = {
			isa = PBXGroup;
			children = (
				3707FF701F064D8D0052A7C1 /* main.m */,
			);
			name = "Supporting Files";
			sourceTree = "<group>";
		};
		3707FF881F064D8D0052A7C1 /* cooperateOCTests */ = {
			isa = PBXGroup;
			children = (
				3707FF891F064D8D0052A7C1 /* cooperateOCTests.m */,
				3707FF8B1F064D8D0052A7C1 /* Info.plist */,
			);
			path = cooperateOCTests;
			sourceTree = "<group>";
		};
		3707FF931F064D8D0052A7C1 /* cooperateOCUITests */ = {
			isa = PBXGroup;
			children = (
				3707FF941F064D8D0052A7C1 /* cooperateOCUITests.m */,
				3707FF961F064D8D0052A7C1 /* Info.plist */,
			);
			path = cooperateOCUITests;
			sourceTree = "<group>";
		};
/* End PBXGroup section */

/* Begin PBXNativeTarget section */
		3707FF6B1F064D8D0052A7C1 /* cooperateOC */ = {
			isa = PBXNativeTarget;
			buildConfigurationList = 3707FF991F064D8D0052A7C1 /* Build configuration list for PBXNativeTarget "cooperateOC" */;
			buildPhases = (
				3707FF681F064D8D0052A7C1 /* Sources */,
				3707FF691F064D8D0052A7C1 /* Frameworks */,
				3707FF6A1F064D8D0052A7C1 /* Resources */,
			);
			buildRules = (
			);
			dependencies = (
			);
			name = cooperateOC;
			productName = cooperateOC;
			productReference = 3707FF6C1F064D8D0052A7C1 /* cooperateOC.app */;
			productType = "com.apple.product-type.application";
		};
		3707FF841F064D8D0052A7C1 /* cooperateOCTests */ = {
			isa = PBXNativeTarget;
			buildConfigurationList = 3707FF9C1F064D8D0052A7C1 /* Build configuration list for PBXNativeTarget "cooperateOCTests" */;
			buildPhases = (
				3707FF811F064D8D0052A7C1 /* Sources */,
				3707FF821F064D8D0052A7C1 /* Frameworks */,
				3707FF831F064D8D0052A7C1 /* Resources */,
			);
			buildRules = (
			);
			dependencies = (
				3707FF871F064D8D0052A7C1 /* PBXTargetDependency */,
			);
			name = cooperateOCTests;
			productName = cooperateOCTests;
			productReference = 3707FF851F064D8D0052A7C1 /* cooperateOCTests.xctest */;
			productType = "com.apple.product-type.bundle.unit-test";
		};
		3707FF8F1F064D8D0052A7C1 /* cooperateOCUITests */ = {
			isa = PBXNativeTarget;
			buildConfigurationList = 3707FF9F1F064D8D0052A7C1 /* Build configuration list for PBXNativeTarget "cooperateOCUITests" */;
			buildPhases = (
				3707FF8C1F064D8D0052A7C1 /* Sources */,
				3707FF8D1F064D8D0052A7C1 /* Frameworks */,
				3707FF8E1F064D8D0052A7C1 /* Resources */,
			);
			buildRules = (
			);
			dependencies = (
				3707FF921F064D8D0052A7C1 /* PBXTargetDependency */,
			);
			name = cooperateOCUITests;
			productName = cooperateOCUITests;
			productReference = 3707FF901F064D8D0052A7C1 /* cooperateOCUITests.xctest */;
			productType = "com.apple.product-type.bundle.ui-testing";
		};
/* End PBXNativeTarget section */

/* Begin PBXProject section */
		3707FF641F064D8D0052A7C1 /* Project object */ = {
			isa = PBXProject;
			attributes = {
				LastUpgradeCheck = 0830;
				ORGANIZATIONNAME = "王攀登";
				TargetAttributes = {
					3707FF6B1F064D8D0052A7C1 = {
						CreatedOnToolsVersion = 8.3.2;
						ProvisioningStyle = Automatic;
					};
					3707FF841F064D8D0052A7C1 = {
						CreatedOnToolsVersion = 8.3.2;
						ProvisioningStyle = Automatic;
						TestTargetID = 3707FF6B1F064D8D0052A7C1;
					};
					3707FF8F1F064D8D0052A7C1 = {
						CreatedOnToolsVersion = 8.3.2;
						ProvisioningStyle = Automatic;
						TestTargetID = 3707FF6B1F064D8D0052A7C1;
					};
				};
			};
			buildConfigurationList = 3707FF671F064D8D0052A7C1 /* Build configuration list for PBXProject "cooperateOC" */;
			compatibilityVersion = "Xcode 3.2";
			developmentRegion = English;
			hasScannedForEncodings = 0;
			knownRegions = (
				en,
				Base,
			);
			mainGroup = 3707FF631F064D8D0052A7C1;
			productRefGroup = 3707FF6D1F064D8D0052A7C1 /* Products */;
			projectDirPath = "";
			projectRoot = "";
			targets = (
				3707FF6B1F064D8D0052A7C1 /* cooperateOC */,
				3707FF841F064D8D0052A7C1 /* cooperateOCTests */,
				3707FF8F1F064D8D0052A7C1 /* cooperateOCUITests */,
			);
		};
/* End PBXProject section */

/* Begin PBXResourcesBuildPhase section */
		3707FF6A1F064D8D0052A7C1 /* Resources */ = {
			isa = PBXResourcesBuildPhase;
			buildActionMask = 2147483647;
			files = (
				3707FF7F1F064D8D0052A7C1 /* LaunchScreen.storyboard in Resources */,
				3707FF7C1F064D8D0052A7C1 /* Assets.xcassets in Resources */,
				3707FF7A1F064D8D0052A7C1 /* Main.storyboard in Resources */,
			);
			runOnlyForDeploymentPostprocessing = 0;
		};
		3707FF831F064D8D0052A7C1 /* Resources */ = {
			isa = PBXResourcesBuildPhase;
			buildActionMask = 2147483647;
			files = (
			);
			runOnlyForDeploymentPostprocessing = 0;
		};
		3707FF8E1F064D8D0052A7C1 /* Resources */ = {
			isa = PBXResourcesBuildPhase;
			buildActionMask = 2147483647;
			files = (
			);
			runOnlyForDeploymentPostprocessing = 0;
		};
/* End PBXResourcesBuildPhase section */

/* Begin PBXSourcesBuildPhase section */
		3707FF681F064D8D0052A7C1 /* Sources */ = {
			isa = PBXSourcesBuildPhase;
			buildActionMask = 2147483647;
			files = (
				3707FF771F064D8D0052A7C1 /* ViewController.m in Sources */,
				3707FF741F064D8D0052A7C1 /* AppDelegate.m in Sources */,
				3707FF711F064D8D0052A7C1 /* main.m in Sources */,
			);
			runOnlyForDeploymentPostprocessing = 0;
		};
		3707FF811F064D8D0052A7C1 /* Sources */ = {
			isa = PBXSourcesBuildPhase;
			buildActionMask = 2147483647;
			files = (
				3707FF8A1F064D8D0052A7C1 /* cooperateOCTests.m in Sources */,
			);
			runOnlyForDeploymentPostprocessing = 0;
		};
		3707FF8C1F064D8D0052A7C1 /* Sources */ = {
			isa = PBXSourcesBuildPhase;
			buildActionMask = 2147483647;
			files = (
				3707FF951F064D8D0052A7C1 /* cooperateOCUITests.m in Sources */,
			);
			runOnlyForDeploymentPostprocessing = 0;
		};
/* End PBXSourcesBuildPhase section */

/* Begin PBXTargetDependency section */
		3707FF871F064D8D0052A7C1 /* PBXTargetDependency */ = {
			isa = PBXTargetDependency;
			target = 3707FF6B1F064D8D0052A7C1 /* cooperateOC */;
			targetProxy = 3707FF861F064D8D0052A7C1 /* PBXContainerItemProxy */;
		};
		3707FF921F064D8D0052A7C1 /* PBXTargetDependency */ = {
			isa = PBXTargetDependency;
			target = 3707FF6B1F064D8D0052A7C1 /* cooperateOC */;
			targetProxy = 3707FF911F064D8D0052A7C1 /* PBXContainerItemProxy */;
		};
/* End PBXTargetDependency section */

/* Begin PBXVariantGroup section */
		3707FF781F064D8D0052A7C1 /* Main.storyboard */ = {
			isa = PBXVariantGroup;
			children = (
				3707FF791F064D8D0052A7C1 /* Base */,
			);
			name = Main.storyboard;
			sourceTree = "<group>";
		};
		3707FF7D1F064D8D0052A7C1 /* LaunchScreen.storyboard */ = {
			isa = PBXVariantGroup;
			children = (
				3707FF7E1F064D8D0052A7C1 /* Base */,
			);
			name = LaunchScreen.storyboard;
			sourceTree = "<group>";
		};
/* End PBXVariantGroup section */

/* Begin XCBuildConfiguration section */
		3707FF971F064D8D0052A7C1 /* Debug */ = {
			isa = XCBuildConfiguration;
			buildSettings = {
				ALWAYS_SEARCH_USER_PATHS = NO;
				CLANG_ANALYZER_NONNULL = YES;
				CLANG_ANALYZER_NUMBER_OBJECT_CONVERSION = YES_AGGRESSIVE;
				CLANG_CXX_LANGUAGE_STANDARD = "gnu++0x";
				CLANG_CXX_LIBRARY = "libc++";
				CLANG_ENABLE_MODULES = YES;
				CLANG_ENABLE_OBJC_ARC = YES;
				CLANG_WARN_BOOL_CONVERSION = YES;
				CLANG_WARN_CONSTANT_CONVERSION = YES;
				CLANG_WARN_DIRECT_OBJC_ISA_USAGE = YES_ERROR;
				CLANG_WARN_DOCUMENTATION_COMMENTS = YES;
				CLANG_WARN_EMPTY_BODY = YES;
				CLANG_WARN_ENUM_CONVERSION = YES;
				CLANG_WARN_INFINITE_RECURSION = YES;
				CLANG_WARN_INT_CONVERSION = YES;
				CLANG_WARN_OBJC_ROOT_CLASS = YES_ERROR;
				CLANG_WARN_SUSPICIOUS_MOVE = YES;
				CLANG_WARN_UNREACHABLE_CODE = YES;
				CLANG_WARN__DUPLICATE_METHOD_MATCH = YES;
				"CODE_SIGN_IDENTITY[sdk=iphoneos*]" = "iPhone Developer";
				COPY_PHASE_STRIP = NO;
				DEBUG_INFORMATION_FORMAT = dwarf;
				ENABLE_STRICT_OBJC_MSGSEND = YES;
				ENABLE_TESTABILITY = YES;
				GCC_C_LANGUAGE_STANDARD = gnu99;
				GCC_DYNAMIC_NO_PIC = NO;
				GCC_NO_COMMON_BLOCKS = YES;
				GCC_OPTIMIZATION_LEVEL = 0;
				GCC_PREPROCESSOR_DEFINITIONS = (
					"DEBUG=1",
					"$(inherited)",
				);
				GCC_WARN_64_TO_32_BIT_CONVERSION = YES;
				GCC_WARN_ABOUT_RETURN_TYPE = YES_ERROR;
				GCC_WARN_UNDECLARED_SELECTOR = YES;
				GCC_WARN_UNINITIALIZED_AUTOS = YES_AGGRESSIVE;
				GCC_WARN_UNUSED_FUNCTION = YES;
				GCC_WARN_UNUSED_VARIABLE = YES;
				IPHONEOS_DEPLOYMENT_TARGET = 10.3;
				MTL_ENABLE_DEBUG_INFO = YES;
				ONLY_ACTIVE_ARCH = YES;
				SDKROOT = iphoneos;
				TARGETED_DEVICE_FAMILY = "1,2";
			};
			name = Debug;
		};
		3707FF981F064D8D0052A7C1 /* Release */ = {
			isa = XCBuildConfiguration;
			buildSettings = {
				ALWAYS_SEARCH_USER_PATHS = NO;
				CLANG_ANALYZER_NONNULL = YES;
				CLANG_ANALYZER_NUMBER_OBJECT_CONVERSION = YES_AGGRESSIVE;
				CLANG_CXX_LANGUAGE_STANDARD = "gnu++0x";
				CLANG_CXX_LIBRARY = "libc++";
				CLANG_ENABLE_MODULES = YES;
				CLANG_ENABLE_OBJC_ARC = YES;
				CLANG_WARN_BOOL_CONVERSION = YES;
				CLANG_WARN_CONSTANT_CONVERSION = YES;
				CLANG_WARN_DIRECT_OBJC_ISA_USAGE = YES_ERROR;
				CLANG_WARN_DOCUMENTATION_COMMENTS = YES;
				CLANG_WARN_EMPTY_BODY = YES;
				CLANG_WARN_ENUM_CONVERSION = YES;
				CLANG_WARN_INFINITE_RECURSION = YES;
				CLANG_WARN_INT_CONVERSION = YES;
				CLANG_WARN_OBJC_ROOT_CLASS = YES_ERROR;
				CLANG_WARN_SUSPICIOUS_MOVE = YES;
				CLANG_WARN_UNREACHABLE_CODE = YES;
				CLANG_WARN__DUPLICATE_METHOD_MATCH = YES;
				"CODE_SIGN_IDENTITY[sdk=iphoneos*]" = "iPhone Developer";
				COPY_PHASE_STRIP = NO;
				DEBUG_INFORMATION_FORMAT = "dwarf-with-dsym";
				ENABLE_NS_ASSERTIONS = NO;
				ENABLE_STRICT_OBJC_MSGSEND = YES;
				GCC_C_LANGUAGE_STANDARD = gnu99;
				GCC_NO_COMMON_BLOCKS = YES;
				GCC_WARN_64_TO_32_BIT_CONVERSION = YES;
				GCC_WARN_ABOUT_RETURN_TYPE = YES_ERROR;
				GCC_WARN_UNDECLARED_SELECTOR = YES;
				GCC_WARN_UNINITIALIZED_AUTOS = YES_AGGRESSIVE;
				GCC_WARN_UNUSED_FUNCTION = YES;
				GCC_WARN_UNUSED_VARIABLE = YES;
				IPHONEOS_DEPLOYMENT_TARGET = 10.3;
				MTL_ENABLE_DEBUG_INFO = NO;
				SDKROOT = iphoneos;
				TARGETED_DEVICE_FAMILY = "1,2";
				VALIDATE_PRODUCT = YES;
			};
			name = Release;
		};
		3707FF9A1F064D8D0052A7C1 /* Debug */ = {
			isa = XCBuildConfiguration;
			buildSettings = {
				ASSETCATALOG_COMPILER_APPICON_NAME = AppIcon;
				INFOPLIST_FILE = cooperateOC/Info.plist;
				LD_RUNPATH_SEARCH_PATHS = "$(inherited) @executable_path/Frameworks";
				PRODUCT_BUNDLE_IDENTIFIER = cooperateTeam.cooperateOC;
				PRODUCT_NAME = "$(TARGET_NAME)";
			};
			name = Debug;
		};
		3707FF9B1F064D8D0052A7C1 /* Release */ = {
			isa = XCBuildConfiguration;
			buildSettings = {
				ASSETCATALOG_COMPILER_APPICON_NAME = AppIcon;
				INFOPLIST_FILE = cooperateOC/Info.plist;
				LD_RUNPATH_SEARCH_PATHS = "$(inherited) @executable_path/Frameworks";
				PRODUCT_BUNDLE_IDENTIFIER = cooperateTeam.cooperateOC;
				PRODUCT_NAME = "$(TARGET_NAME)";
			};
			name = Release;
		};
		3707FF9D1F064D8D0052A7C1 /* Debug */ = {
			isa = XCBuildConfiguration;
			buildSettings = {
				BUNDLE_LOADER = "$(TEST_HOST)";
				INFOPLIST_FILE = cooperateOCTests/Info.plist;
				LD_RUNPATH_SEARCH_PATHS = "$(inherited) @executable_path/Frameworks @loader_path/Frameworks";
				PRODUCT_BUNDLE_IDENTIFIER = cooperateTeam.cooperateOCTests;
				PRODUCT_NAME = "$(TARGET_NAME)";
				TEST_HOST = "$(BUILT_PRODUCTS_DIR)/cooperateOC.app/cooperateOC";
			};
			name = Debug;
		};
		3707FF9E1F064D8D0052A7C1 /* Release */ = {
			isa = XCBuildConfiguration;
			buildSettings = {
				BUNDLE_LOADER = "$(TEST_HOST)";
				INFOPLIST_FILE = cooperateOCTests/Info.plist;
				LD_RUNPATH_SEARCH_PATHS = "$(inherited) @executable_path/Frameworks @loader_path/Frameworks";
				PRODUCT_BUNDLE_IDENTIFIER = cooperateTeam.cooperateOCTests;
				PRODUCT_NAME = "$(TARGET_NAME)";
				TEST_HOST = "$(BUILT_PRODUCTS_DIR)/cooperateOC.app/cooperateOC";
			};
			name = Release;
		};
		3707FFA01F064D8D0052A7C1 /* Debug */ = {
			isa = XCBuildConfiguration;
			buildSettings = {
				INFOPLIST_FILE = cooperateOCUITests/Info.plist;
				LD_RUNPATH_SEARCH_PATHS = "$(inherited) @executable_path/Frameworks @loader_path/Frameworks";
				PRODUCT_BUNDLE_IDENTIFIER = cooperateTeam.cooperateOCUITests;
				PRODUCT_NAME = "$(TARGET_NAME)";
				TEST_TARGET_NAME = cooperateOC;
			};
			name = Debug;
		};
		3707FFA11F064D8D0052A7C1 /* Release */ = {
			isa = XCBuildConfiguration;
			buildSettings = {
				INFOPLIST_FILE = cooperateOCUITests/Info.plist;
				LD_RUNPATH_SEARCH_PATHS = "$(inherited) @executable_path/Frameworks @loader_path/Frameworks";
				PRODUCT_BUNDLE_IDENTIFIER = cooperateTeam.cooperateOCUITests;
				PRODUCT_NAME = "$(TARGET_NAME)";
				TEST_TARGET_NAME = cooperateOC;
			};
			name = Release;
		};
/* End XCBuildConfiguration section */

/* Begin XCConfigurationList section */
		3707FF671F064D8D0052A7C1 /* Build configuration list for PBXProject "cooperateOC" */ = {
			isa = XCConfigurationList;
			buildConfigurations = (
				3707FF971F064D8D0052A7C1 /* Debug */,
				3707FF981F064D8D0052A7C1 /* Release */,
			);
			defaultConfigurationIsVisible = 0;
			defaultConfigurationName = Release;
		};
		3707FF991F064D8D0052A7C1 /* Build configuration list for PBXNativeTarget "cooperateOC" */ = {
			isa = XCConfigurationList;
			buildConfigurations = (
				3707FF9A1F064D8D0052A7C1 /* Debug */,
				3707FF9B1F064D8D0052A7C1 /* Release */,
			);
			defaultConfigurationIsVisible = 0;
		};
		3707FF9C1F064D8D0052A7C1 /* Build configuration list for PBXNativeTarget "cooperateOCTests" */ = {
			isa = XCConfigurationList;
			buildConfigurations = (
				3707FF9D1F064D8D0052A7C1 /* Debug */,
				3707FF9E1F064D8D0052A7C1 /* Release */,
			);
			defaultConfigurationIsVisible = 0;
		};
		3707FF9F1F064D8D0052A7C1 /* Build configuration list for PBXNativeTarget "cooperateOCUITests" */ = {
			isa = XCConfigurationList;
			buildConfigurations = (
				3707FFA01F064D8D0052A7C1 /* Debug */,
				3707FFA11F064D8D0052A7C1 /* Release */,
			);
			defaultConfigurationIsVisible = 0;
		};
/* End XCConfigurationList section */
	};
	rootObject = 3707FF641F064D8D0052A7C1 /* Project object */;
}
